# THIS IS AN AUTOGENERATED FILE. DO NOT EDIT THIS FILE DIRECTLY.
# yarn lockfile v1


"@react-navigation/core@^3.7.9":
  version "3.7.9"
  resolved "https://snapchat.jfrog.io/snapchat/api/npm/npm-virtual/@react-navigation/core/-/core-3.7.9.tgz#3f7ba0fcb6c8d74a77a057382af198d84c7c4e3b"
  integrity sha512-EknbzM8OI9A5alRxXtQRV5Awle68B+z1QAxNty5DxmlS3BNfmduWNGnim159ROyqxkuDffK9L/U/Tbd45mx+Jg==
  dependencies:
    hoist-non-react-statics "^3.3.2"
    path-to-regexp "^1.8.0"
    query-string "^6.13.6"
    react-is "^16.13.0"

"@react-navigation/core@^6.3.0":
  version "6.3.0"
  resolved "https://snapchat.jfrog.io/snapchat/api/npm/npm-virtual/@react-navigation/core/-/core-6.3.0.tgz#79d08f45e448b6269cc0268b0653975913104a3c"
  integrity sha512-nyvReUB00SAfHdL/AA+GksdaTuiC31LxHp+f1kxuPNkcGR7zSMVT+Wrq4OHe+VPFfCxJxoseQ2ElsvE+4IYFoQ==
  dependencies:
    "@react-navigation/routers" "^6.1.2"
    escape-string-regexp "^4.0.0"
    nanoid "^3.1.23"
    query-string "^7.0.0"
    react-is "^16.13.0"
    use-latest-callback "^0.1.5"

"@react-navigation/elements@^1.3.5":
  version "1.3.5"
  resolved "https://snapchat.jfrog.io/snapchat/api/npm/npm-virtual/@react-navigation/elements/-/elements-1.3.5.tgz#904876ce3f3c36632f242322dd622bb3e18e6775"
  integrity sha512-3Ef5cYuQXqJRco7RG99fkDEciAuYTkAD7go5D8RFYG8rAp2aI/cDnGwFwvFVANlRsbFFPGU3ZLY8EUJihf4Hjw==

"@react-navigation/native-stack@6.8.0":
  version "6.8.0"
  resolved "https://snapchat.jfrog.io/snapchat/api/npm/npm-virtual/@react-navigation/native-stack/-/native-stack-6.8.0.tgz#1677ce21dc61a16965198f11c0b8259771315451"
  integrity sha512-OhyyuSoIcY32kYNnTI0VUDcp2JT1jgFuT6j8FiUI/lPttcQKLVBS+jzRtHzpJ2D8N0CEjTLCyQNkVJBTpwjNFg==
  dependencies:
    "@react-navigation/elements" "^1.3.5"
    warn-once "^0.1.0"

"@react-navigation/native@6.0.12":
  version "6.0.12"
  resolved "https://snapchat.jfrog.io/snapchat/api/npm/npm-virtual/@react-navigation/native/-/native-6.0.12.tgz#29bb0a657b65704fd55803f5c01e064ea0747e48"
  integrity sha512-23n0pDsFvFxPIkB4zrAip05uUj6Jr+5dinqrDdEU26cPoki3/iJlirvbSIs/64Om/OuTyUjFdB/zI75ng+m5Pg==
  dependencies:
    "@react-navigation/core" "^6.3.0"
    escape-string-regexp "^4.0.0"
    fast-deep-equal "^3.1.3"
    nanoid "^3.1.23"

"@react-navigation/native@^3.8.4":
  version "3.8.4"
  resolved "https://snapchat.jfrog.io/snapchat/api/npm/npm-virtual/@react-navigation/native/-/native-3.8.4.tgz#4d77f86506364ecf18b33c7f8740afb6763d0b37"
  integrity sha512-gXSVcL7bfFDyVkvyg1FiAqTCIgZub5K1X/TZqURBs2CPqDpfX1OsCtB9D33eTF14SpbfgHW866btqrrxoCACfg==
  dependencies:
    hoist-non-react-statics "^3.3.2"
    react-native-safe-area-view "^0.14.9"

"@react-navigation/routers@^6.1.2":
  version "6.1.2"
  resolved "https://snapchat.jfrog.io/snapchat/api/npm/npm-virtual/@react-navigation/routers/-/routers-6.1.2.tgz#b239e876f03a1f8908862ccb5473d36e32c4d163"
  integrity sha512-uJ+N7dyrZjA2L3ykyH0OyEiLNhzxDSfUqgOS4LmrLWlgly/oYFfPTqsxCD8zP0r3hv7ayLIPQPC1u1ubSO+42A==
  dependencies:
    nanoid "^3.1.23"

"@react-navigation/stack@6.2.3":
  version "6.2.3"
  resolved "https://snapchat.jfrog.io/snapchat/api/npm/npm-virtual/@react-navigation/stack/-/stack-6.2.3.tgz#b481f615bbbfb53c7eaa93af818d96a6925b852e"
  integrity sha512-DZXazhuyxefsO4RkkimPuoKpstc7zZOMqMBa7eqWy6iZNZX4yt8Wjji8KPMr5yn0OA1MxC5C4H8CKbMuy/kxIA==
  dependencies:
    "@react-navigation/elements" "^1.3.5"
    color "^4.2.3"
    warn-once "^0.1.0"

color-convert@^2.0.1:
  version "2.0.1"
  resolved "https://snapchat.jfrog.io/snapchat/api/npm/npm-virtual/color-convert/-/color-convert-2.0.1.tgz#72d3a68d598c9bdb3af2ad1e84f21d896abd4de3"
  integrity sha512-RRECPsj7iu/xb5oKYcsFHSppFNnsj/52OVTRKb4zP5onXwVF3zVmmToNcOfGC+CRDpfK/U584fMg38ZHCaElKQ==
  dependencies:
    color-name "~1.1.4"

color-name@^1.0.0, color-name@~1.1.4:
  version "1.1.4"
  resolved "https://snapchat.jfrog.io/snapchat/api/npm/npm-virtual/color-name/-/color-name-1.1.4.tgz#c2a09a87acbde69543de6f63fa3995c826c536a2"
  integrity sha512-dOy+3AuW3a2wNbZHIuMZpTcgjGuLU/uBL/ubcZF9OXbDo8ff4O8yVp5Bf0efS8uEoYo5q4Fx7dY9OgQGXgAsQA==

color-string@^1.9.0:
  version "1.9.1"
  resolved "https://snapchat.jfrog.io/snapchat/api/npm/npm-virtual/color-string/-/color-string-1.9.1.tgz#4467f9146f036f855b764dfb5bf8582bf342c7a4"
  integrity sha512-shrVawQFojnZv6xM40anx4CkoDP+fZsw/ZerEMsW/pyzsRbElpsL/DBVW7q3ExxwusdNXI3lXpuhEZkzs8p5Eg==
  dependencies:
    color-name "^1.0.0"
    simple-swizzle "^0.2.2"

color@^4.2.3:
  version "4.2.3"
  resolved "https://snapchat.jfrog.io/snapchat/api/npm/npm-virtual/color/-/color-4.2.3.tgz#d781ecb5e57224ee43ea9627560107c0e0c6463a"
  integrity sha512-1rXeuUUiGGrykh+CeBdu5Ie7OJwinCgQY0bc7GCRxy5xVHy+moaqkpL/jqQq0MtQOeYcrqEz4abc5f0KtU7W4A==
  dependencies:
    color-convert "^2.0.1"
    color-string "^1.9.0"

decode-uri-component@^0.2.0:
  version "0.2.0"
  resolved "https://snapchat.jfrog.io/snapchat/api/npm/npm-virtual/decode-uri-component/-/decode-uri-component-0.2.0.tgz#eb3913333458775cb84cd1a1fae062106bb87545"
  integrity sha512-hjf+xovcEn31w/EUYdTXQh/8smFL/dzYjohQGEIgjyNavaJfBY2p5F527Bo1VPATxv0VYTUC2bOcXvqFwk78Og==

escape-string-regexp@^4.0.0:
  version "4.0.0"
  resolved "https://snapchat.jfrog.io/snapchat/api/npm/npm-virtual/escape-string-regexp/-/escape-string-regexp-4.0.0.tgz#14ba83a5d373e3d311e5afca29cf5bfad965bf34"
  integrity sha512-TtpcNJ3XAzx3Gq8sWRzJaVajRs0uVxA2YAkdb1jm2YkPz4G6egUFAyA3n5vtEIZefPk5Wa4UXbKuS5fKkJWdgA==

fast-deep-equal@^3.1.3:
  version "3.1.3"
  resolved "https://snapchat.jfrog.io/snapchat/api/npm/npm-virtual/fast-deep-equal/-/fast-deep-equal-3.1.3.tgz#3a7d56b559d6cbc3eb512325244e619a65c6c525"
  integrity sha512-f3qQ9oQy9j2AhBe/H9VC91wLmKBCCU/gDOnKNAYG5hswO7BLKj09Hc5HYNz9cGI++xlpDCIgDaitVs03ATR84Q==

filter-obj@^1.1.0:
  version "1.1.0"
  resolved "https://snapchat.jfrog.io/snapchat/api/npm/npm-virtual/filter-obj/-/filter-obj-1.1.0.tgz#9b311112bc6c6127a16e016c6c5d7f19e0805c5b"
  integrity sha512-8rXg1ZnX7xzy2NGDVkBVaAy+lSlPNwad13BtgSlLuxfIslyt5Vg64U7tFcCt4WS1R0hvtnQybT/IyCkGZ3DpXQ==

hoist-non-react-statics@^2.3.1:
  version "2.5.5"
  resolved "https://snapchat.jfrog.io/snapchat/api/npm/npm-virtual/hoist-non-react-statics/-/hoist-non-react-statics-2.5.5.tgz#c5903cf409c0dfd908f388e619d86b9c1174cb47"
  integrity sha512-rqcy4pJo55FTTLWt+bU8ukscqHeE/e9KWvsOW2b/a3afxQZhwkQdT1rPPCJ0rYXdj4vNcasY8zHTH+jF/qStxw==

hoist-non-react-statics@^3.3.2:
  version "3.3.2"
  resolved "https://snapchat.jfrog.io/snapchat/api/npm/npm-virtual/hoist-non-react-statics/-/hoist-non-react-statics-3.3.2.tgz#ece0acaf71d62c2969c2ec59feff42a4b1a85b45"
  integrity sha512-/gGivxi8JPKWNm/W0jSmzcMPpfpPLc3dY/6GxhX2hQ9iGj3aDfklV4ET7NjKpSinLpJ5vafa9iiGIEZg10SfBw==
  dependencies:
    react-is "^16.7.0"

husky@8.0.1:
  version "8.0.1"
  resolved "https://snapchat.jfrog.io/snapchat/api/npm/npm-virtual/husky/-/husky-8.0.1.tgz#511cb3e57de3e3190514ae49ed50f6bc3f50b3e9"
  integrity sha512-xs7/chUH/CKdOCs7Zy0Aev9e/dKOMZf3K1Az1nar3tzlv0jfqnYtu235bstsWTmXOR0EfINrPa97yy4Lz6RiKw==

is-arrayish@^0.3.1:
  version "0.3.2"
  resolved "https://snapchat.jfrog.io/snapchat/api/npm/npm-virtual/is-arrayish/-/is-arrayish-0.3.2.tgz#4574a2ae56f7ab206896fb431eaeed066fdf8f03"
  integrity sha512-eVRqCvVlZbuw3GrM63ovNSNAeA1K16kaR/LRY/92w0zxQ5/1YzwblUX652i4Xs9RwAGjW9d9y6X88t8OaAJfWQ==

isarray@0.0.1:
  version "0.0.1"
  resolved "https://snapchat.jfrog.io/snapchat/api/npm/npm-virtual/isarray/-/isarray-0.0.1.tgz#8a18acfca9a8f4177e09abfc6038939b05d1eedf"
  integrity sha512-D2S+3GLxWH+uhrNEcoh/fnmYeP8E8/zHl644d/jdA0g2uyXvy3sb0qxotE+ne0LtccHknQzWwZEzhak7oJ0COQ==

nanoid@^3.1.23:
  version "3.3.4"
  resolved "https://snapchat.jfrog.io/snapchat/api/npm/npm-virtual/nanoid/-/nanoid-3.3.4.tgz#730b67e3cd09e2deacf03c027c81c9d9dbc5e8ab"
  integrity sha512-MqBkQh/OHTS2egovRtLk45wEyNXwF+cokD+1YPf9u5VfJiRdAiRwB2froX5Co9Rh20xs4siNPm8naNotSD6RBw==

path-to-regexp@^1.8.0:
  version "1.8.0"
  resolved "https://snapchat.jfrog.io/snapchat/api/npm/npm-virtual/path-to-regexp/-/path-to-regexp-1.8.0.tgz#887b3ba9d84393e87a0a0b9f4cb756198b53548a"
  integrity sha512-n43JRhlUKUAlibEJhPeir1ncUID16QnEjNpwzNdO3Lm4ywrBpBZ5oLD0I6br9evr1Y9JTqwRtAh7JLoOzAQdVA==
  dependencies:
    isarray "0.0.1"

query-string@^6.13.6:
  version "6.14.1"
  resolved "https://snapchat.jfrog.io/snapchat/api/npm/npm-virtual/query-string/-/query-string-6.14.1.tgz#7ac2dca46da7f309449ba0f86b1fd28255b0c86a"
  integrity sha512-XDxAeVmpfu1/6IjyT/gXHOl+S0vQ9owggJ30hhWKdHAsNPOcasn5o9BW0eejZqL2e4vMjhAxoW3jVHcD6mbcYw==
  dependencies:
    decode-uri-component "^0.2.0"
    filter-obj "^1.1.0"
    split-on-first "^1.0.0"
    strict-uri-encode "^2.0.0"

query-string@^7.0.0:
  version "7.1.1"
  resolved "https://snapchat.jfrog.io/snapchat/api/npm/npm-virtual/query-string/-/query-string-7.1.1.tgz#754620669db978625a90f635f12617c271a088e1"
  integrity sha512-MplouLRDHBZSG9z7fpuAAcI7aAYjDLhtsiVZsevsfaHWDS2IDdORKbSd1kWUA+V4zyva/HZoSfpwnYMMQDhb0w==
  dependencies:
    decode-uri-component "^0.2.0"
    filter-obj "^1.1.0"
    split-on-first "^1.0.0"
    strict-uri-encode "^2.0.0"

react-freeze@^1.0.0:
  version "1.0.3"
  resolved "https://snapchat.jfrog.io/snapchat/api/npm/npm-virtual/react-freeze/-/react-freeze-1.0.3.tgz#5e3ca90e682fed1d73a7cb50c2c7402b3e85618d"
  integrity sha512-ZnXwLQnGzrDpHBHiC56TXFXvmolPeMjTn1UOm610M4EXGzbEDR7oOIyS2ZiItgbs6eZc4oU/a0hpk8PrcKvv5g==

react-is@^16.13.0, react-is@^16.7.0:
  version "16.13.1"
  resolved "https://snapchat.jfrog.io/snapchat/api/npm/npm-virtual/react-is/-/react-is-16.13.1.tgz#789729a4dc36de2999dc156dd6c1d9c18cea56a4"
  integrity sha512-24e6ynE2H+OKt4kqsOvNd8kBpV65zoxbA4BVsEOB3ARVWQki/DHzaUoC5KuON/BiccDaCCTZBuOcfZs70kR8bQ==

react-native-safe-area-context@4.3.3:
  version "4.3.3"
  resolved "https://snapchat.jfrog.io/snapchat/api/npm/npm-virtual/react-native-safe-area-context/-/react-native-safe-area-context-4.3.3.tgz#a0f1e3116ded39efc1b78a46a6d89c71169827e4"
  integrity sha512-xwsloGLDUzeTN40TIh4Te/zRePSnBAuWlLIiEW3RYE9gHHYslqQWpfK7N24SdAQEH3tHZ+huoYNjo2GQJO/vnQ==

react-native-safe-area-view@^0.14.9:
  version "0.14.9"
  resolved "https://snapchat.jfrog.io/snapchat/api/npm/npm-virtual/react-native-safe-area-view/-/react-native-safe-area-view-0.14.9.tgz#90ee8383037010d9a5055a97cf97e4c1da1f0c3d"
  integrity sha512-WII/ulhpVyL/qbYb7vydq7dJAfZRBcEhg4/UWt6F6nAKpLa3gAceMOxBxI914ppwSP/TdUsandFy6lkJQE0z4A==
  dependencies:
    hoist-non-react-statics "^2.3.1"

react-native-screens@3.17.0:
  version "3.17.0"
  resolved "https://snapchat.jfrog.io/snapchat/api/npm/npm-virtual/react-native-screens/-/react-native-screens-3.17.0.tgz#b099b3ec9d46de07c857f14d713c293024c7c842"
  integrity sha512-OZCQU7+3neHNaM19jBkYRjL50kXz7p7MUgWQTCcdRoshcCiolf8aXs4eRVQKGK6m1RmoB8UL0//m5R9KoR+41w==
  dependencies:
    react-freeze "^1.0.0"
    warn-once "^0.1.0"

react-navigation@4.4.4:
  version "4.4.4"
  resolved "https://snapchat.jfrog.io/snapchat/api/npm/npm-virtual/react-navigation/-/react-navigation-4.4.4.tgz#8cda2219196311db440e54998bc724523359949f"
  integrity sha512-08Nzy1aKEd73496CsuzN49vLFmxPKYF5WpKGgGvkQ10clB79IRM2BtAfVl6NgPKuUM8FXq1wCsrjo/c5ftl5og==
  dependencies:
    "@react-navigation/core" "^3.7.9"
    "@react-navigation/native" "^3.8.4"

simple-swizzle@^0.2.2:
  version "0.2.2"
  resolved "https://snapchat.jfrog.io/snapchat/api/npm/npm-virtual/simple-swizzle/-/simple-swizzle-0.2.2.tgz#a4da6b635ffcccca33f70d17cb92592de95e557a"
  integrity sha512-JA//kQgZtbuY83m+xT+tXJkmJncGMTFT+C+g2h2R9uxkYIrE2yy9sgmcLhCnw57/WSD+Eh3J97FPEDFnbXnDUg==
  dependencies:
    is-arrayish "^0.3.1"

split-on-first@^1.0.0:
  version "1.1.0"
  resolved "https://snapchat.jfrog.io/snapchat/api/npm/npm-virtual/split-on-first/-/split-on-first-1.1.0.tgz#f610afeee3b12bce1d0c30425e76398b78249a5f"
  integrity sha512-43ZssAJaMusuKWL8sKUBQXHWOpq8d6CfN/u1p4gUzfJkM05C8rxTmYrkIPTXapZpORA6LkkzcUulJ8FqA7Uudw==

strict-uri-encode@^2.0.0:
  version "2.0.0"
  resolved "https://snapchat.jfrog.io/snapchat/api/npm/npm-virtual/strict-uri-encode/-/strict-uri-encode-2.0.0.tgz#b9c7330c7042862f6b142dc274bbcc5866ce3546"
  integrity sha512-QwiXZgpRcKkhTj2Scnn++4PKtWsH0kpzZ62L2R6c/LUVYv7hVnZqcg2+sMuT6R7Jusu1vviK/MFsu6kNJfWlEQ==

use-latest-callback@^0.1.5:
  version "0.1.5"
  resolved "https://snapchat.jfrog.io/snapchat/api/npm/npm-virtual/use-latest-callback/-/use-latest-callback-0.1.5.tgz#a4a836c08fa72f6608730b5b8f4bbd9c57c04f51"
  integrity sha512-HtHatS2U4/h32NlkhupDsPlrbiD27gSH5swBdtXbCAlc6pfOFzaj0FehW/FO12rx8j2Vy4/lJScCiJyM01E+bQ==

warn-once@^0.1.0:
  version "0.1.1"
  resolved "https://snapchat.jfrog.io/snapchat/api/npm/npm-virtual/warn-once/-/warn-once-0.1.1.tgz#952088f4fb56896e73fd4e6a3767272a3fccce43"
  integrity sha512-VkQZJbO8zVImzYFteBXvBOZEl1qL175WH8VmZcxF2fZAoudNhNDvHi+doCaAEdU2l2vtcIwa2zn0QK5+I1HQ3Q==
